
Microsoft Visual Studio Solution File, Format Version 12.00
# Visual Studio Version 17
VisualStudioVersion = 17.5.33530.505
MinimumVisualStudioVersion = 10.0.40219.1
Project("{FAE04EC0-301F-11D3-BF4B-00C04F79EFBC}") = "0203SP", "0203SP\0203SP.csproj", "{BAA36570-BBF1-4454-A31C-2086A050B7C3}"
EndProject
Global
	GlobalSection(SolutionConfigurationPlatforms) = preSolution
		Debug|Any CPU = Debug|Any CPU
		Release|Any CPU = Release|Any CPU
	EndGlobalSection
	GlobalSection(ProjectConfigurationPlatforms) = postSolution
		{BAA36570-BBF1-4454-A31C-2086A050B7C3}.Debug|Any CPU.ActiveCfg = Debug|Any CPU
		{BAA36570-BBF1-4454-A31C-2086A050B7C3}.Debug|Any CPU.Build.0 = Debug|Any CPU
		{BAA36570-BBF1-4454-A31C-2086A050B7C3}.Release|Any CPU.ActiveCfg = Release|Any CPU
		{BAA36570-BBF1-4454-A31C-2086A050B7C3}.Release|Any CPU.Build.0 = Release|Any CPU
	EndGlobalSection
	GlobalSection(SolutionProperties) = preSolution
		HideSolutionNode = FALSE
	EndGlobalSection
	GlobalSection(ExtensibilityGlobals) = postSolution
		SolutionGuid = {67D191E9-3261-493B-B323-778D064CF07B}
	EndGlobalSection
EndGlobal
